
Microsoft Visual Studio Solution File, Format Version 12.00
# Visual Studio 2013
VisualStudioVersion = 12.0.30723.0
MinimumVisualStudioVersion = 10.0.40219.1
Project("{FAE04EC0-301F-11D3-BF4B-00C04F79EFBC}") = "Sinope", "Sinope\Sinope.csproj", "{BA2CA717-05E0-4422-B1F0-886D3CAE9270}"
EndProject
Project("{FAE04EC0-301F-11D3-BF4B-00C04F79EFBC}") = "Sinope.Tests", "Sinope.Tests\Sinope.Tests.csproj", "{1F79BEBA-85E1-49F6-997C-2A99B5884078}"
EndProject
Global
	GlobalSection(SolutionConfigurationPlatforms) = preSolution
		Debug|Any CPU = Debug|Any CPU
		Release|Any CPU = Release|Any CPU
	EndGlobalSection
	GlobalSection(ProjectConfigurationPlatforms) = postSolution
		{BA2CA717-05E0-4422-B1F0-886D3CAE9270}.Debug|Any CPU.ActiveCfg = Debug|Any CPU
		{BA2CA717-05E0-4422-B1F0-886D3CAE9270}.Debug|Any CPU.Build.0 = Debug|Any CPU
		{BA2CA717-05E0-4422-B1F0-886D3CAE9270}.Release|Any CPU.ActiveCfg = Release|Any CPU
		{BA2CA717-05E0-4422-B1F0-886D3CAE9270}.Release|Any CPU.Build.0 = Release|Any CPU
		{1F79BEBA-85E1-49F6-997C-2A99B5884078}.Debug|Any CPU.ActiveCfg = Debug|Any CPU
		{1F79BEBA-85E1-49F6-997C-2A99B5884078}.Debug|Any CPU.Build.0 = Debug|Any CPU
		{1F79BEBA-85E1-49F6-997C-2A99B5884078}.Release|Any CPU.ActiveCfg = Release|Any CPU
		{1F79BEBA-85E1-49F6-997C-2A99B5884078}.Release|Any CPU.Build.0 = Release|Any CPU
	EndGlobalSection
	GlobalSection(SolutionProperties) = preSolution
		HideSolutionNode = FALSE
	EndGlobalSection
EndGlobal
